
Microsoft Visual Studio Solution File, Format Version 12.00
# Visual Studio Version 16
VisualStudioVersion = 16.0.29102.190
MinimumVisualStudioVersion = 10.0.40219.1
Project("{8BC9CEB8-8B4A-11D0-8D11-00A0C91BC942}") = "nthnodefromlast", "nthnodefromlast\nthnodefromlast.vcxproj", "{4AB1B622-4FFD-43D1-95CF-B3622E605908}"
EndProject
Global
	GlobalSection(SolutionConfigurationPlatforms) = preSolution
		Debug|x64 = Debug|x64
		Debug|x86 = Debug|x86
		Release|x64 = Release|x64
		Release|x86 = Release|x86
	EndGlobalSection
	GlobalSection(ProjectConfigurationPlatforms) = postSolution
		{4AB1B622-4FFD-43D1-95CF-B3622E605908}.Debug|x64.ActiveCfg = Debug|x64
		{4AB1B622-4FFD-43D1-95CF-B3622E605908}.Debug|x64.Build.0 = Debug|x64
		{4AB1B622-4FFD-43D1-95CF-B3622E605908}.Debug|x86.ActiveCfg = Debug|Win32
		{4AB1B622-4FFD-43D1-95CF-B3622E605908}.Debug|x86.Build.0 = Debug|Win32
		{4AB1B622-4FFD-43D1-95CF-B3622E605908}.Release|x64.ActiveCfg = Release|x64
		{4AB1B622-4FFD-43D1-95CF-B3622E605908}.Release|x64.Build.0 = Release|x64
		{4AB1B622-4FFD-43D1-95CF-B3622E605908}.Release|x86.ActiveCfg = Release|Win32
		{4AB1B622-4FFD-43D1-95CF-B3622E605908}.Release|x86.Build.0 = Release|Win32
	EndGlobalSection
	GlobalSection(SolutionProperties) = preSolution
		HideSolutionNode = FALSE
	EndGlobalSection
	GlobalSection(ExtensibilityGlobals) = postSolution
		SolutionGuid = {85C89908-9EC6-448D-99F7-ED3A5D868FDF}
	EndGlobalSection
EndGlobal
