
Microsoft Visual Studio Solution File, Format Version 12.00
# Visual Studio Version 16
VisualStudioVersion = 16.0.29102.190
MinimumVisualStudioVersion = 10.0.40219.1
Project("{8BC9CEB8-8B4A-11D0-8D11-00A0C91BC942}") = "middlenodeinlist", "middlenodeinlist\middlenodeinlist.vcxproj", "{E807BBB1-5104-4FBB-9377-ACE0EC98F267}"
EndProject
Global
	GlobalSection(SolutionConfigurationPlatforms) = preSolution
		Debug|x64 = Debug|x64
		Debug|x86 = Debug|x86
		Release|x64 = Release|x64
		Release|x86 = Release|x86
	EndGlobalSection
	GlobalSection(ProjectConfigurationPlatforms) = postSolution
		{E807BBB1-5104-4FBB-9377-ACE0EC98F267}.Debug|x64.ActiveCfg = Debug|x64
		{E807BBB1-5104-4FBB-9377-ACE0EC98F267}.Debug|x64.Build.0 = Debug|x64
		{E807BBB1-5104-4FBB-9377-ACE0EC98F267}.Debug|x86.ActiveCfg = Debug|Win32
		{E807BBB1-5104-4FBB-9377-ACE0EC98F267}.Debug|x86.Build.0 = Debug|Win32
		{E807BBB1-5104-4FBB-9377-ACE0EC98F267}.Release|x64.ActiveCfg = Release|x64
		{E807BBB1-5104-4FBB-9377-ACE0EC98F267}.Release|x64.Build.0 = Release|x64
		{E807BBB1-5104-4FBB-9377-ACE0EC98F267}.Release|x86.ActiveCfg = Release|Win32
		{E807BBB1-5104-4FBB-9377-ACE0EC98F267}.Release|x86.Build.0 = Release|Win32
	EndGlobalSection
	GlobalSection(SolutionProperties) = preSolution
		HideSolutionNode = FALSE
	EndGlobalSection
	GlobalSection(ExtensibilityGlobals) = postSolution
		SolutionGuid = {800361B3-2199-4251-BAFD-EA5CF19951B6}
	EndGlobalSection
EndGlobal
